
Microsoft Visual Studio Solution File, Format Version 12.00
# Visual Studio Version 17
VisualStudioVersion = 17.4.33213.308
MinimumVisualStudioVersion = 10.0.40219.1
Project("{FAE04EC0-301F-11D3-BF4B-00C04F79EFBC}") = "HCL.IdentityServer.API", "HCL.IdentityServer.API\HCL.IdentityServer.API.csproj", "{F4335520-5F94-4A83-8F54-9604A70A278C}"
EndProject
Project("{9A19103F-16F7-4668-BE54-9A1E7A4F7556}") = "HCL.IdentityServer.BLL", "..\HCL\HCL.IdentityServer\HCL.IdentityServer.BLL\HCL.IdentityServer.BLL.csproj", "{DA7B9802-9EF1-49B4-B112-A3DC52135848}"
EndProject
Project("{9A19103F-16F7-4668-BE54-9A1E7A4F7556}") = "HCL.IdentityServer.DAL", "..\HCL\HCL.IdentityServer\HCL.IdentityServer.DAL\HCL.IdentityServer.DAL.csproj", "{E186C6AA-83EF-42E4-B40F-FC9C4EE1ABFC}"
EndProject
Project("{9A19103F-16F7-4668-BE54-9A1E7A4F7556}") = "HCL.IdentityServer.Domain", "..\HCL\HCL.IdentityServer\HCL.IdentityServer.Domain\HCL.IdentityServer.Domain.csproj", "{75F93EE2-C835-4FF8-BCF8-C39AAFCBCB1A}"
EndProject
Global
	GlobalSection(SolutionConfigurationPlatforms) = preSolution
		Debug|Any CPU = Debug|Any CPU
		Release|Any CPU = Release|Any CPU
	EndGlobalSection
	GlobalSection(ProjectConfigurationPlatforms) = postSolution
		{F4335520-5F94-4A83-8F54-9604A70A278C}.Debug|Any CPU.ActiveCfg = Debug|Any CPU
		{F4335520-5F94-4A83-8F54-9604A70A278C}.Debug|Any CPU.Build.0 = Debug|Any CPU
		{F4335520-5F94-4A83-8F54-9604A70A278C}.Release|Any CPU.ActiveCfg = Release|Any CPU
		{F4335520-5F94-4A83-8F54-9604A70A278C}.Release|Any CPU.Build.0 = Release|Any CPU
		{DA7B9802-9EF1-49B4-B112-A3DC52135848}.Debug|Any CPU.ActiveCfg = Debug|Any CPU
		{DA7B9802-9EF1-49B4-B112-A3DC52135848}.Debug|Any CPU.Build.0 = Debug|Any CPU
		{DA7B9802-9EF1-49B4-B112-A3DC52135848}.Release|Any CPU.ActiveCfg = Release|Any CPU
		{DA7B9802-9EF1-49B4-B112-A3DC52135848}.Release|Any CPU.Build.0 = Release|Any CPU
		{E186C6AA-83EF-42E4-B40F-FC9C4EE1ABFC}.Debug|Any CPU.ActiveCfg = Debug|Any CPU
		{E186C6AA-83EF-42E4-B40F-FC9C4EE1ABFC}.Debug|Any CPU.Build.0 = Debug|Any CPU
		{E186C6AA-83EF-42E4-B40F-FC9C4EE1ABFC}.Release|Any CPU.ActiveCfg = Release|Any CPU
		{E186C6AA-83EF-42E4-B40F-FC9C4EE1ABFC}.Release|Any CPU.Build.0 = Release|Any CPU
		{75F93EE2-C835-4FF8-BCF8-C39AAFCBCB1A}.Debug|Any CPU.ActiveCfg = Debug|Any CPU
		{75F93EE2-C835-4FF8-BCF8-C39AAFCBCB1A}.Debug|Any CPU.Build.0 = Debug|Any CPU
		{75F93EE2-C835-4FF8-BCF8-C39AAFCBCB1A}.Release|Any CPU.ActiveCfg = Release|Any CPU
		{75F93EE2-C835-4FF8-BCF8-C39AAFCBCB1A}.Release|Any CPU.Build.0 = Release|Any CPU
	EndGlobalSection
	GlobalSection(SolutionProperties) = preSolution
		HideSolutionNode = FALSE
	EndGlobalSection
	GlobalSection(ExtensibilityGlobals) = postSolution
		SolutionGuid = {A1B3BBF3-9096-4FE4-BF24-621132814324}
	EndGlobalSection
EndGlobal
